// !$*UTF8*$!
{
	archiveVersion = 1;
	classes = {
	};
	objectVersion = 46;
	objects = {

/* Begin PBXBuildFile section */
		AF52FB6F199A3AF3002C8E5D /* main.cpp in Sources */ = {isa = PBXBuildFile; fileRef = AF52FB6E199A3AF3002C8E5D /* main.cpp */; };
		AF52FB80199A4A45002C8E5D /* Stream.cpp in Sources */ = {isa = PBXBuildFile; fileRef = AF52FB7E199A4A45002C8E5D /* Stream.cpp */; };
/* End PBXBuildFile section */

/* Begin PBXCopyFilesBuildPhase section */
		AF52FB69199A3AF3002C8E5D /* CopyFiles */ = {
			isa = PBXCopyFilesBuildPhase;
			buildActionMask = 2147483647;
			dstPath = /usr/share/man/man1/;
			dstSubfolderSpec = 0;
			files = (
			);
			runOnlyForDeploymentPostprocessing = 1;
		};
/* End PBXCopyFilesBuildPhase section */

/* Begin PBXFileReference section */
		AF11936719A0AF8400E2A07E /* Log.h */ = {isa = PBXFileReference; lastKnownFileType = sourcecode.c.h; path = Log.h; sourceTree = "<group>"; };
		AF11936819A0B77D00E2A07E /* MemoryPool.h */ = {isa = PBXFileReference; lastKnownFileType = sourcecode.c.h; path = MemoryPool.h; sourceTree = "<group>"; };
		AF52FB6B199A3AF3002C8E5D /* GameServerProgramming */ = {isa = PBXFileReference; explicitFileType = "compiled.mach-o.executable"; includeInIndex = 0; path = GameServerProgramming; sourceTree = BUILT_PRODUCTS_DIR; };
		AF52FB6E199A3AF3002C8E5D /* main.cpp */ = {isa = PBXFileReference; lastKnownFileType = sourcecode.cpp.cpp; path = main.cpp; sourceTree = "<group>"; wrapsLines = 1; };
		AF52FB7A199A3CA8002C8E5D /* type.h */ = {isa = PBXFileReference; lastKnownFileType = sourcecode.c.h; path = type.h; sourceTree = "<group>"; };
		AF52FB7E199A4A45002C8E5D /* Stream.cpp */ = {isa = PBXFileReference; fileEncoding = 4; lastKnownFileType = sourcecode.cpp.cpp; path = Stream.cpp; sourceTree = "<group>"; };
		AF52FB7F199A4A45002C8E5D /* Stream.h */ = {isa = PBXFileReference; fileEncoding = 4; lastKnownFileType = sourcecode.c.h; path = Stream.h; sourceTree = "<group>"; };
		AF52FB81199A5788002C8E5D /* CircularQueue.h */ = {isa = PBXFileReference; lastKnownFileType = sourcecode.c.h; path = CircularQueue.h; sourceTree = "<group>"; };
/* End PBXFileReference section */

/* Begin PBXFrameworksBuildPhase section */
		AF52FB68199A3AF3002C8E5D /* Frameworks */ = {
			isa = PBXFrameworksBuildPhase;
			buildActionMask = 2147483647;
			files = (
			);
			runOnlyForDeploymentPostprocessing = 0;
		};
/* End PBXFrameworksBuildPhase section */

/* Begin PBXGroup section */
		AF52FB62199A3AF3002C8E5D = {
			isa = PBXGroup;
			children = (
				AF52FB6D199A3AF3002C8E5D /* GameServerProgramming */,
				AF52FB6C199A3AF3002C8E5D /* Products */,
			);
			sourceTree = "<group>";
		};
		AF52FB6C199A3AF3002C8E5D /* Products */ = {
			isa = PBXGroup;
			children = (
				AF52FB6B199A3AF3002C8E5D /* GameServerProgramming */,
			);
			name = Products;
			sourceTree = "<group>";
		};
		AF52FB6D199A3AF3002C8E5D /* GameServerProgramming */ = {
			isa = PBXGroup;
			children = (
				AF52FB81199A5788002C8E5D /* CircularQueue.h */,
				AF52FB6E199A3AF3002C8E5D /* main.cpp */,
				AF52FB7E199A4A45002C8E5D /* Stream.cpp */,
				AF52FB7F199A4A45002C8E5D /* Stream.h */,
				AF52FB7A199A3CA8002C8E5D /* type.h */,
				AF11936719A0AF8400E2A07E /* Log.h */,
				AF11936819A0B77D00E2A07E /* MemoryPool.h */,
			);
			path = GameServerProgramming;
			sourceTree = "<group>";
		};
/* End PBXGroup section */

/* Begin PBXNativeTarget section */
		AF52FB6A199A3AF3002C8E5D /* GameServerProgramming */ = {
			isa = PBXNativeTarget;
			buildConfigurationList = AF52FB74199A3AF3002C8E5D /* Build configuration list for PBXNativeTarget "GameServerProgramming" */;
			buildPhases = (
				AF52FB67199A3AF3002C8E5D /* Sources */,
				AF52FB68199A3AF3002C8E5D /* Frameworks */,
				AF52FB69199A3AF3002C8E5D /* CopyFiles */,
			);
			buildRules = (
			);
			dependencies = (
			);
			name = GameServerProgramming;
			productName = GameServerProgramming;
			productReference = AF52FB6B199A3AF3002C8E5D /* GameServerProgramming */;
			productType = "com.apple.product-type.tool";
		};
/* End PBXNativeTarget section */

/* Begin PBXProject section */
		AF52FB63199A3AF3002C8E5D /* Project object */ = {
			isa = PBXProject;
			attributes = {
				LastUpgradeCheck = 0510;
				ORGANIZATIONNAME = signorinotang;
			};
			buildConfigurationList = AF52FB66199A3AF3002C8E5D /* Build configuration list for PBXProject "GameServerProgramming" */;
			compatibilityVersion = "Xcode 3.2";
			developmentRegion = English;
			hasScannedForEncodings = 0;
			knownRegions = (
				en,
			);
			mainGroup = AF52FB62199A3AF3002C8E5D;
			productRefGroup = AF52FB6C199A3AF3002C8E5D /* Products */;
			projectDirPath = "";
			projectRoot = "";
			targets = (
				AF52FB6A199A3AF3002C8E5D /* GameServerProgramming */,
			);
		};
/* End PBXProject section */

/* Begin PBXSourcesBuildPhase section */
		AF52FB67199A3AF3002C8E5D /* Sources */ = {
			isa = PBXSourcesBuildPhase;
			buildActionMask = 2147483647;
			files = (
				AF52FB6F199A3AF3002C8E5D /* main.cpp in Sources */,
				AF52FB80199A4A45002C8E5D /* Stream.cpp in Sources */,
			);
			runOnlyForDeploymentPostprocessing = 0;
		};
/* End PBXSourcesBuildPhase section */

/* Begin XCBuildConfiguration section */
		AF52FB72199A3AF3002C8E5D /* Debug */ = {
			isa = XCBuildConfiguration;
			buildSettings = {
				ALWAYS_SEARCH_USER_PATHS = NO;
				CLANG_CXX_LANGUAGE_STANDARD = "gnu++0x";
				CLANG_CXX_LIBRARY = "libc++";
				CLANG_ENABLE_MODULES = YES;
				CLANG_ENABLE_OBJC_ARC = YES;
				CLANG_WARN_BOOL_CONVERSION = YES;
				CLANG_WARN_CONSTANT_CONVERSION = YES;
				CLANG_WARN_DIRECT_OBJC_ISA_USAGE = YES_ERROR;
				CLANG_WARN_EMPTY_BODY = YES;
				CLANG_WARN_ENUM_CONVERSION = YES;
				CLANG_WARN_INT_CONVERSION = YES;
				CLANG_WARN_OBJC_ROOT_CLASS = YES_ERROR;
				CLANG_WARN__DUPLICATE_METHOD_MATCH = YES;
				COPY_PHASE_STRIP = NO;
				GCC_C_LANGUAGE_STANDARD = gnu99;
				GCC_DYNAMIC_NO_PIC = NO;
				GCC_ENABLE_OBJC_EXCEPTIONS = YES;
				GCC_OPTIMIZATION_LEVEL = 0;
				GCC_PREPROCESSOR_DEFINITIONS = (
					"DEBUG=1",
					"$(inherited)",
				);
				GCC_SYMBOLS_PRIVATE_EXTERN = NO;
				GCC_WARN_64_TO_32_BIT_CONVERSION = YES;
				GCC_WARN_ABOUT_RETURN_TYPE = YES_ERROR;
				GCC_WARN_UNDECLARED_SELECTOR = YES;
				GCC_WARN_UNINITIALIZED_AUTOS = YES_AGGRESSIVE;
				GCC_WARN_UNUSED_FUNCTION = YES;
				GCC_WARN_UNUSED_VARIABLE = YES;
				MACOSX_DEPLOYMENT_TARGET = 10.9;
				ONLY_ACTIVE_ARCH = YES;
				SDKROOT = macosx;
			};
			name = Debug;
		};
		AF52FB73199A3AF3002C8E5D /* Release */ = {
			isa = XCBuildConfiguration;
			buildSettings = {
				ALWAYS_SEARCH_USER_PATHS = NO;
				CLANG_CXX_LANGUAGE_STANDARD = "gnu++0x";
				CLANG_CXX_LIBRARY = "libc++";
				CLANG_ENABLE_MODULES = YES;
				CLANG_ENABLE_OBJC_ARC = YES;
				CLANG_WARN_BOOL_CONVERSION = YES;
				CLANG_WARN_CONSTANT_CONVERSION = YES;
				CLANG_WARN_DIRECT_OBJC_ISA_USAGE = YES_ERROR;
				CLANG_WARN_EMPTY_BODY = YES;
				CLANG_WARN_ENUM_CONVERSION = YES;
				CLANG_WARN_INT_CONVERSION = YES;
				CLANG_WARN_OBJC_ROOT_CLASS = YES_ERROR;
				CLANG_WARN__DUPLICATE_METHOD_MATCH = YES;
				COPY_PHASE_STRIP = YES;
				DEBUG_INFORMATION_FORMAT = "dwarf-with-dsym";
				ENABLE_NS_ASSERTIONS = NO;
				GCC_C_LANGUAGE_STANDARD = gnu99;
				GCC_ENABLE_OBJC_EXCEPTIONS = YES;
				GCC_WARN_64_TO_32_BIT_CONVERSION = YES;
				GCC_WARN_ABOUT_RETURN_TYPE = YES_ERROR;
				GCC_WARN_UNDECLARED_SELECTOR = YES;
				GCC_WARN_UNINITIALIZED_AUTOS = YES_AGGRESSIVE;
				GCC_WARN_UNUSED_FUNCTION = YES;
				GCC_WARN_UNUSED_VARIABLE = YES;
				MACOSX_DEPLOYMENT_TARGET = 10.9;
				SDKROOT = macosx;
			};
			name = Release;
		};
		AF52FB75199A3AF3002C8E5D /* Debug */ = {
			isa = XCBuildConfiguration;
			buildSettings = {
				PRODUCT_NAME = "$(TARGET_NAME)";
			};
			name = Debug;
		};
		AF52FB76199A3AF3002C8E5D /* Release */ = {
			isa = XCBuildConfiguration;
			buildSettings = {
				PRODUCT_NAME = "$(TARGET_NAME)";
			};
			name = Release;
		};
/* End XCBuildConfiguration section */

/* Begin XCConfigurationList section */
		AF52FB66199A3AF3002C8E5D /* Build configuration list for PBXProject "GameServerProgramming" */ = {
			isa = XCConfigurationList;
			buildConfigurations = (
				AF52FB72199A3AF3002C8E5D /* Debug */,
				AF52FB73199A3AF3002C8E5D /* Release */,
			);
			defaultConfigurationIsVisible = 0;
			defaultConfigurationName = Release;
		};
		AF52FB74199A3AF3002C8E5D /* Build configuration list for PBXNativeTarget "GameServerProgramming" */ = {
			isa = XCConfigurationList;
			buildConfigurations = (
				AF52FB75199A3AF3002C8E5D /* Debug */,
				AF52FB76199A3AF3002C8E5D /* Release */,
			);
			defaultConfigurationIsVisible = 0;
			defaultConfigurationName = Release;
		};
/* End XCConfigurationList section */
	};
	rootObject = AF52FB63199A3AF3002C8E5D /* Project object */;
}
